
Microsoft Visual Studio Solution File, Format Version 9.00
# Visual Studio 2005
Project("{8BC9CEB8-8B4A-11D0-8D11-00A0C91BC942}") = "pLauncher", "pLauncher.vcproj", "{1661F0C3-1D86-437C-98F7-5B6CAC5B0AFC}"
EndProject
Global
	GlobalSection(SolutionConfigurationPlatforms) = preSolution
		Debug|Win32 = Debug|Win32
		Release|Win32 = Release|Win32
	EndGlobalSection
	GlobalSection(ProjectConfigurationPlatforms) = postSolution
		{1661F0C3-1D86-437C-98F7-5B6CAC5B0AFC}.Debug|Win32.ActiveCfg = Debug|Win32
		{1661F0C3-1D86-437C-98F7-5B6CAC5B0AFC}.Debug|Win32.Build.0 = Debug|Win32
		{1661F0C3-1D86-437C-98F7-5B6CAC5B0AFC}.Release|Win32.ActiveCfg = Release|Win32
		{1661F0C3-1D86-437C-98F7-5B6CAC5B0AFC}.Release|Win32.Build.0 = Release|Win32
	EndGlobalSection
	GlobalSection(SolutionProperties) = preSolution
		HideSolutionNode = FALSE
	EndGlobalSection
EndGlobal
