
Microsoft Visual Studio Solution File, Format Version 9.00
# Visual Studio 2005
Project("{8BC9CEB8-8B4A-11D0-8D11-00A0C91BC942}") = "jsoncpp", "jsoncpp.vcproj", "{3325BD4F-94A4-4925-975F-39AE0B67E24A}"
EndProject
Global
	GlobalSection(SolutionConfigurationPlatforms) = preSolution
		Debug|Win32 = Debug|Win32
		Release|Win32 = Release|Win32
	EndGlobalSection
	GlobalSection(ProjectConfigurationPlatforms) = postSolution
		{3325BD4F-94A4-4925-975F-39AE0B67E24A}.Debug|Win32.ActiveCfg = Debug|Win32
		{3325BD4F-94A4-4925-975F-39AE0B67E24A}.Debug|Win32.Build.0 = Debug|Win32
		{3325BD4F-94A4-4925-975F-39AE0B67E24A}.Release|Win32.ActiveCfg = Release|Win32
		{3325BD4F-94A4-4925-975F-39AE0B67E24A}.Release|Win32.Build.0 = Release|Win32
	EndGlobalSection
	GlobalSection(SolutionProperties) = preSolution
		HideSolutionNode = FALSE
	EndGlobalSection
EndGlobal
