
Microsoft Visual Studio Solution File, Format Version 9.00
# Visual Studio 2005
Project("{8BC9CEB8-8B4A-11D0-8D11-00A0C91BC942}") = "pLicMaker", "pLicMaker.vcproj", "{37F37DDE-4F71-4DBF-85D5-702F72EE4023}"
EndProject
Global
	GlobalSection(SolutionConfigurationPlatforms) = preSolution
		Debug|Win32 = Debug|Win32
		Release|Win32 = Release|Win32
	EndGlobalSection
	GlobalSection(ProjectConfigurationPlatforms) = postSolution
		{37F37DDE-4F71-4DBF-85D5-702F72EE4023}.Debug|Win32.ActiveCfg = Debug|Win32
		{37F37DDE-4F71-4DBF-85D5-702F72EE4023}.Debug|Win32.Build.0 = Debug|Win32
		{37F37DDE-4F71-4DBF-85D5-702F72EE4023}.Release|Win32.ActiveCfg = Release|Win32
		{37F37DDE-4F71-4DBF-85D5-702F72EE4023}.Release|Win32.Build.0 = Release|Win32
	EndGlobalSection
	GlobalSection(SolutionProperties) = preSolution
		HideSolutionNode = FALSE
	EndGlobalSection
EndGlobal
